
Microsoft Visual Studio Solution File, Format Version 12.00
# Visual Studio Version 17
VisualStudioVersion = 17.4.33103.184
MinimumVisualStudioVersion = 10.0.40219.1
Project("{FAE04EC0-301F-11D3-BF4B-00C04F79EFBC}") = "EFRelationships.Web", "EFRelationships.Web\EFRelationships.Web.csproj", "{A7A802E0-EA9D-40FF-8794-D4132B6B47B6}"
EndProject
Project("{FAE04EC0-301F-11D3-BF4B-00C04F79EFBC}") = "EFRelationships.Data", "EFRelationships.Data\EFRelationships.Data.csproj", "{7696D94B-7121-4FF7-8A4F-3B59218B29C7}"
EndProject
Global
	GlobalSection(SolutionConfigurationPlatforms) = preSolution
		Debug|Any CPU = Debug|Any CPU
		Release|Any CPU = Release|Any CPU
	EndGlobalSection
	GlobalSection(ProjectConfigurationPlatforms) = postSolution
		{A7A802E0-EA9D-40FF-8794-D4132B6B47B6}.Debug|Any CPU.ActiveCfg = Debug|Any CPU
		{A7A802E0-EA9D-40FF-8794-D4132B6B47B6}.Debug|Any CPU.Build.0 = Debug|Any CPU
		{A7A802E0-EA9D-40FF-8794-D4132B6B47B6}.Release|Any CPU.ActiveCfg = Release|Any CPU
		{A7A802E0-EA9D-40FF-8794-D4132B6B47B6}.Release|Any CPU.Build.0 = Release|Any CPU
		{7696D94B-7121-4FF7-8A4F-3B59218B29C7}.Debug|Any CPU.ActiveCfg = Debug|Any CPU
		{7696D94B-7121-4FF7-8A4F-3B59218B29C7}.Debug|Any CPU.Build.0 = Debug|Any CPU
		{7696D94B-7121-4FF7-8A4F-3B59218B29C7}.Release|Any CPU.ActiveCfg = Release|Any CPU
		{7696D94B-7121-4FF7-8A4F-3B59218B29C7}.Release|Any CPU.Build.0 = Release|Any CPU
	EndGlobalSection
	GlobalSection(SolutionProperties) = preSolution
		HideSolutionNode = FALSE
	EndGlobalSection
	GlobalSection(ExtensibilityGlobals) = postSolution
		SolutionGuid = {5251CC00-2E2B-4400-8939-F0F5936F93D9}
	EndGlobalSection
EndGlobal
